<?xml version="1.0" encoding="utf-8"?>
<Project ToolsVersion="4.0" xmlns="http://schemas.microsoft.com/developer/msbuild/2003">
  <ItemGroup>
    <Filter Include="Source Files">
      <UniqueIdentifier>{4FC737F1-C7A5-4376-A066-2A32D752A2FF}</UniqueIdentifier>
      <Extensions>cpp;c;cc;cxx;def;odl;idl;hpj;bat;asm;asmx</Extensions>
    </Filter>
    <Filter Include="Header Files">
      <UniqueIdentifier>{93995380-89BD-4b04-88EB-625FBE52EBFB}</UniqueIdentifier>
      <Extensions>h;hh;hpp;hxx;hm;inl;inc;xsd</Extensions>
    </Filter>
    <Filter Include="Resource Files">
      <UniqueIdentifier>{D9D6E242-F8AF-46E4-B9FD-80ECBC20BA3E}</UniqueIdentifier>
      <Extensions>qrc;*</Extensions>
      <ParseFiles>false</ParseFiles>
    </Filter>
    <Filter Include="Form Files">
      <UniqueIdentifier>{99349809-55BA-4b9d-BF79-8FDBB0286EB3}</UniqueIdentifier>
      <Extensions>ui</Extensions>
    </Filter>
    <Filter Include="Resource Files">
      <UniqueIdentifier>{D9D6E242-F8AF-46E4-B9FD-80ECBC20BA3E}</UniqueIdentifier>
      <Extensions>qrc;*</Extensions>
      <ParseFiles>false</ParseFiles>
    </Filter>
    <Filter Include="Generated Files">
      <UniqueIdentifier>{71ED8ED8-ACB9-4CE9-BBE1-E00B30144E11}</UniqueIdentifier>
      <Extensions>moc;h;cpp</Extensions>
      <SourceControlFiles>False</SourceControlFiles>
    </Filter>
  </ItemGroup>
  <ItemGroup>
    <ClCompile Include="main.cpp">
      <Filter>Source Files</Filter>
    </ClCompile>
    <ClCompile Include="CommandLineArgs.cpp">
      <Filter>Source Files</Filter>
    </ClCompile>
    <ClCompile Include="CoordinateMapper.cpp">
      <Filter>Source Files</Filter>
    </ClCompile>
    <ClCompile Include="Dictionary.cpp">
      <Filter>Source Files</Filter>
    </ClCompile>
    <ClCompile Include="ExternContainer.cpp">
      <Filter>Source Files</Filter>
    </ClCompile>
    <ClCompile Include="GestureTouch.cpp">
      <Filter>Source Files</Filter>
    </ClCompile>
    <ClCompile Include="GestureTouchCallback.cpp">
      <Filter>Source Files</Filter>
    </ClCompile>
    <ClCompile Include="InitGesture.cpp">
      <Filter>Source Files</Filter>
    </ClCompile>
    <ClCompile Include="InputHelper.cpp">
      <Filter>Source Files</Filter>
    </ClCompile>
    <ClCompile Include="Keyboard.cpp">
      <Filter>Source Files</Filter>
    </ClCompile>
    <ClCompile Include="TestGroup.cpp">
      <Filter>Source Files</Filter>
    </ClCompile>
    <ClCompile Include="TouchpadManager.cpp">
      <Filter>Source Files</Filter>
    </ClCompile>
    <ClCompile Include="TouchProcessor.cpp">
      <Filter>Source Files</Filter>
    </ClCompile>
    <ClCompile Include="TraceLog.cpp">
      <Filter>Source Files</Filter>
    </ClCompile>
    <ClCompile Include="AnimationLine.cpp">
      <Filter>Source Files</Filter>
    </ClCompile>
    <ClCompile Include="QTWindows.cpp">
      <Filter>Source Files</Filter>
    </ClCompile>
  </ItemGroup>
  <ItemGroup>
    <QtMoc Include="AnimationLine.h">
      <Filter>Source Files</Filter>
    </QtMoc>
    <QtMoc Include="QTWindows.h">
      <Filter>Source Files</Filter>
    </QtMoc>
  </ItemGroup>
  <ItemGroup>
    <QtUic Include="GestureHotkey.ui">
      <Filter>Form Files</Filter>
    </QtUic>
    <QtUic Include="MainWindow.ui">
      <Filter>Form Files</Filter>
    </QtUic>
    <QtUic Include="PopWindow.ui">
      <Filter>Form Files</Filter>
    </QtUic>
  </ItemGroup>
  <ItemGroup>
    <QtRcc Include="GestureHotkey.qrc">
      <Filter>Resource Files</Filter>
    </QtRcc>
  </ItemGroup>
  <ItemGroup>
    <ClInclude Include="Include\SynCom.h">
      <Filter>Header Files</Filter>
    </ClInclude>
    <ClInclude Include="Include\SynComDefs.h">
      <Filter>Header Files</Filter>
    </ClInclude>
    <ClInclude Include="Include\SynCtrl.h">
      <Filter>Header Files</Filter>
    </ClInclude>
    <ClInclude Include="Include\SynError.h">
      <Filter>Header Files</Filter>
    </ClInclude>
    <ClInclude Include="Include\SynKit.h">
      <Filter>Header Files</Filter>
    </ClInclude>
    <ClInclude Include="Include\SynWraps.h">
      <Filter>Header Files</Filter>
    </ClInclude>
    <ClInclude Include="CCoInitialize.h">
      <Filter>Source Files</Filter>
    </ClInclude>
    <ClInclude Include="CommandLineArgs.h">
      <Filter>Source Files</Filter>
    </ClInclude>
    <ClInclude Include="Containers.h">
      <Filter>Source Files</Filter>
    </ClInclude>
    <ClInclude Include="CoordinateMapper.h">
      <Filter>Source Files</Filter>
    </ClInclude>
    <ClInclude Include="Dictionary.h">
      <Filter>Source Files</Filter>
    </ClInclude>
    <ClInclude Include="ExternContainer.h">
      <Filter>Source Files</Filter>
    </ClInclude>
    <ClInclude Include="GestureTouchCallback.h">
      <Filter>Source Files</Filter>
    </ClInclude>
    <ClInclude Include="InitGesture.h">
      <Filter>Source Files</Filter>
    </ClInclude>
    <ClInclude Include="InputHelper.h">
      <Filter>Source Files</Filter>
    </ClInclude>
    <ClInclude Include="Keyboard.h">
      <Filter>Source Files</Filter>
    </ClInclude>
    <ClInclude Include="TestGroup.h">
      <Filter>Source Files</Filter>
    </ClInclude>
    <ClInclude Include="TouchpadManager.h">
      <Filter>Source Files</Filter>
    </ClInclude>
    <ClInclude Include="TouchProcessor.h">
      <Filter>Source Files</Filter>
    </ClInclude>
    <ClInclude Include="TraceLog.h">
      <Filter>Source Files</Filter>
    </ClInclude>
    <ClInclude Include="GeneratedFiles\ui_GestureHotkey.h">
      <Filter>Generated Files</Filter>
    </ClInclude>
    <ClInclude Include="GeneratedFiles\ui_MainWindow.h">
      <Filter>Generated Files</Filter>
    </ClInclude>
    <ClInclude Include="GeneratedFiles\ui_PopWindow.h">
      <Filter>Generated Files</Filter>
    </ClInclude>
    <ClInclude Include="WindowHotkey.h">
      <Filter>Source Files</Filter>
    </ClInclude>
    <ClInclude Include="resource.h">
      <Filter>Header Files</Filter>
    </ClInclude>
  </ItemGroup>
  <ItemGroup>
    <Text Include="menu_command.txt">
      <Filter>Source Files</Filter>
    </Text>
    <Text Include="menu_hotkey_label.txt">
      <Filter>Source Files</Filter>
    </Text>
  </ItemGroup>
  <ItemGroup>
    <ResourceCompile Include="GestureHotkey.rc" />
  </ItemGroup>
  <ItemGroup>
    <Image Include="..\..\..\..\..\Desktop\Gesture.png" />
  </ItemGroup>
</Project>